
Microsoft Visual Studio Solution File, Format Version 12.00
# Visual Studio 14
VisualStudioVersion = 14.0.25420.1
MinimumVisualStudioVersion = 10.0.40219.1
Project("{FAE04EC0-301F-11D3-BF4B-00C04F79EFBC}") = "freebyUtil.Common", "freebyUtil.Common\freebyUtil.Common.csproj", "{6C39E4A3-CFE6-4A8D-B3B1-675936C5A38C}"
EndProject
Project("{2150E333-8FDC-42A3-9474-1A3956D46DE8}") = ".build", ".build", "{1888DFD8-6099-4F1F-8320-83A523440201}"
	ProjectSection(SolutionItems) = preProject
		.build\freebyUtil.Logging.msbuild.xml = .build\freebyUtil.Logging.msbuild.xml
	EndProjectSection
EndProject
Project("{FAE04EC0-301F-11D3-BF4B-00C04F79EFBC}") = "freebyUtil.Logging", "freebyUtil.Logging\freebyUtil.Logging.csproj", "{60BF7AC7-2515-47FE-A36E-FB7D9AA78915}"
EndProject
Project("{FAE04EC0-301F-11D3-BF4B-00C04F79EFBC}") = "freebyUtil.Logging.Tests", "freebyUtil.Logging.Tests\freebyUtil.Logging.Tests.csproj", "{D16C8C0E-0156-4B3B-9BB9-38E0EB93022D}"
EndProject
Global
	GlobalSection(SolutionConfigurationPlatforms) = preSolution
		Debug|Any CPU = Debug|Any CPU
		Release|Any CPU = Release|Any CPU
	EndGlobalSection
	GlobalSection(ProjectConfigurationPlatforms) = postSolution
		{6C39E4A3-CFE6-4A8D-B3B1-675936C5A38C}.Debug|Any CPU.ActiveCfg = Debug|Any CPU
		{6C39E4A3-CFE6-4A8D-B3B1-675936C5A38C}.Debug|Any CPU.Build.0 = Debug|Any CPU
		{6C39E4A3-CFE6-4A8D-B3B1-675936C5A38C}.Release|Any CPU.ActiveCfg = Release|Any CPU
		{6C39E4A3-CFE6-4A8D-B3B1-675936C5A38C}.Release|Any CPU.Build.0 = Release|Any CPU
		{60BF7AC7-2515-47FE-A36E-FB7D9AA78915}.Debug|Any CPU.ActiveCfg = Debug|Any CPU
		{60BF7AC7-2515-47FE-A36E-FB7D9AA78915}.Debug|Any CPU.Build.0 = Debug|Any CPU
		{60BF7AC7-2515-47FE-A36E-FB7D9AA78915}.Release|Any CPU.ActiveCfg = Release|Any CPU
		{60BF7AC7-2515-47FE-A36E-FB7D9AA78915}.Release|Any CPU.Build.0 = Release|Any CPU
		{D16C8C0E-0156-4B3B-9BB9-38E0EB93022D}.Debug|Any CPU.ActiveCfg = Debug|Any CPU
		{D16C8C0E-0156-4B3B-9BB9-38E0EB93022D}.Debug|Any CPU.Build.0 = Debug|Any CPU
		{D16C8C0E-0156-4B3B-9BB9-38E0EB93022D}.Release|Any CPU.ActiveCfg = Release|Any CPU
		{D16C8C0E-0156-4B3B-9BB9-38E0EB93022D}.Release|Any CPU.Build.0 = Release|Any CPU
	EndGlobalSection
	GlobalSection(SolutionProperties) = preSolution
		HideSolutionNode = FALSE
	EndGlobalSection
EndGlobal
