
Microsoft Visual Studio Solution File, Format Version 12.00
# Visual Studio 15
VisualStudioVersion = 15.0.28307.136
MinimumVisualStudioVersion = 10.0.40219.1
Project("{9A19103F-16F7-4668-BE54-9A1E7A4F7556}") = "freebyTech.Common", "freebyTech.Common\freebyTech.Common.csproj", "{48C6D5F0-6CDB-4AF5-912F-51094E2B33AD}"
EndProject
Project("{9A19103F-16F7-4668-BE54-9A1E7A4F7556}") = "freebyTech.Common.Tests", "freebyTech.Common.Tests\freebyTech.Common.Tests.csproj", "{BF8888DA-25F4-4574-9443-0FDE7264A231}"
EndProject
Global
	GlobalSection(SolutionConfigurationPlatforms) = preSolution
		Debug|Any CPU = Debug|Any CPU
		Release|Any CPU = Release|Any CPU
	EndGlobalSection
	GlobalSection(ProjectConfigurationPlatforms) = postSolution
		{48C6D5F0-6CDB-4AF5-912F-51094E2B33AD}.Debug|Any CPU.ActiveCfg = Debug|Any CPU
		{48C6D5F0-6CDB-4AF5-912F-51094E2B33AD}.Debug|Any CPU.Build.0 = Debug|Any CPU
		{48C6D5F0-6CDB-4AF5-912F-51094E2B33AD}.Release|Any CPU.ActiveCfg = Release|Any CPU
		{48C6D5F0-6CDB-4AF5-912F-51094E2B33AD}.Release|Any CPU.Build.0 = Release|Any CPU
		{BF8888DA-25F4-4574-9443-0FDE7264A231}.Debug|Any CPU.ActiveCfg = Debug|Any CPU
		{BF8888DA-25F4-4574-9443-0FDE7264A231}.Debug|Any CPU.Build.0 = Debug|Any CPU
		{BF8888DA-25F4-4574-9443-0FDE7264A231}.Release|Any CPU.ActiveCfg = Release|Any CPU
		{BF8888DA-25F4-4574-9443-0FDE7264A231}.Release|Any CPU.Build.0 = Release|Any CPU
	EndGlobalSection
	GlobalSection(SolutionProperties) = preSolution
		HideSolutionNode = FALSE
	EndGlobalSection
	GlobalSection(ExtensibilityGlobals) = postSolution
		SolutionGuid = {C473D3CD-DF31-4B4D-B68C-28FAF8149B74}
	EndGlobalSection
EndGlobal
